
Microsoft Visual Studio Solution File, Format Version 12.00
# Visual Studio 15
VisualStudioVersion = 15.0.27703.2026
MinimumVisualStudioVersion = 10.0.40219.1
Project("{9A19103F-16F7-4668-BE54-9A1E7A4F7556}") = "Gangstabit", "Gangstabit\Gangstabit.csproj", "{D030DFDC-1F2B-43AB-A6C6-CFB493570566}"
EndProject
Project("{9A19103F-16F7-4668-BE54-9A1E7A4F7556}") = "Gangstabit.DataAccess", "Gangstabit.DataAccess\Gangstabit.DataAccess.csproj", "{BCE7E81F-5947-45EB-BE25-672A8302C832}"
EndProject
Project("{FAE04EC0-301F-11D3-BF4B-00C04F79EFBC}") = "Gangstabit.Uploader", "Gangstabit.Uploader\Gangstabit.Uploader.csproj", "{27357875-98D8-4861-AFF6-C9EAB9FF20E7}"
EndProject
Project("{FAE04EC0-301F-11D3-BF4B-00C04F79EFBC}") = "Gangstabit.Business", "Gangstabit.Business\Gangstabit.Business.csproj", "{1AE5E60A-DC6E-4AAF-929B-3E8A9297739D}"
EndProject
Project("{FAE04EC0-301F-11D3-BF4B-00C04F79EFBC}") = "Gangstabit.Analyser", "Gangstabit.Analyser\Gangstabit.Analyser.csproj", "{5467FEE5-04DE-47EF-AC29-0D2877C3D01A}"
EndProject
Global
	GlobalSection(SolutionConfigurationPlatforms) = preSolution
		Debug|Any CPU = Debug|Any CPU
		Release|Any CPU = Release|Any CPU
	EndGlobalSection
	GlobalSection(ProjectConfigurationPlatforms) = postSolution
		{D030DFDC-1F2B-43AB-A6C6-CFB493570566}.Debug|Any CPU.ActiveCfg = Debug|Any CPU
		{D030DFDC-1F2B-43AB-A6C6-CFB493570566}.Debug|Any CPU.Build.0 = Debug|Any CPU
		{D030DFDC-1F2B-43AB-A6C6-CFB493570566}.Release|Any CPU.ActiveCfg = Release|Any CPU
		{D030DFDC-1F2B-43AB-A6C6-CFB493570566}.Release|Any CPU.Build.0 = Release|Any CPU
		{BCE7E81F-5947-45EB-BE25-672A8302C832}.Debug|Any CPU.ActiveCfg = Debug|Any CPU
		{BCE7E81F-5947-45EB-BE25-672A8302C832}.Debug|Any CPU.Build.0 = Debug|Any CPU
		{BCE7E81F-5947-45EB-BE25-672A8302C832}.Release|Any CPU.ActiveCfg = Release|Any CPU
		{BCE7E81F-5947-45EB-BE25-672A8302C832}.Release|Any CPU.Build.0 = Release|Any CPU
		{27357875-98D8-4861-AFF6-C9EAB9FF20E7}.Debug|Any CPU.ActiveCfg = Debug|Any CPU
		{27357875-98D8-4861-AFF6-C9EAB9FF20E7}.Debug|Any CPU.Build.0 = Debug|Any CPU
		{27357875-98D8-4861-AFF6-C9EAB9FF20E7}.Release|Any CPU.ActiveCfg = Release|Any CPU
		{27357875-98D8-4861-AFF6-C9EAB9FF20E7}.Release|Any CPU.Build.0 = Release|Any CPU
		{1AE5E60A-DC6E-4AAF-929B-3E8A9297739D}.Debug|Any CPU.ActiveCfg = Debug|Any CPU
		{1AE5E60A-DC6E-4AAF-929B-3E8A9297739D}.Debug|Any CPU.Build.0 = Debug|Any CPU
		{1AE5E60A-DC6E-4AAF-929B-3E8A9297739D}.Release|Any CPU.ActiveCfg = Release|Any CPU
		{1AE5E60A-DC6E-4AAF-929B-3E8A9297739D}.Release|Any CPU.Build.0 = Release|Any CPU
		{5467FEE5-04DE-47EF-AC29-0D2877C3D01A}.Debug|Any CPU.ActiveCfg = Debug|Any CPU
		{5467FEE5-04DE-47EF-AC29-0D2877C3D01A}.Debug|Any CPU.Build.0 = Debug|Any CPU
		{5467FEE5-04DE-47EF-AC29-0D2877C3D01A}.Release|Any CPU.ActiveCfg = Release|Any CPU
		{5467FEE5-04DE-47EF-AC29-0D2877C3D01A}.Release|Any CPU.Build.0 = Release|Any CPU
	EndGlobalSection
	GlobalSection(SolutionProperties) = preSolution
		HideSolutionNode = FALSE
	EndGlobalSection
	GlobalSection(ExtensibilityGlobals) = postSolution
		SolutionGuid = {94806593-76DF-49A5-B0AD-E9D043177D8C}
	EndGlobalSection
EndGlobal
